# This file is automatically @generated by Cargo.
# It is not intended for manual editing.
version = 4

[[package]]
name = "atlas"
version = "0.1.5"
dependencies = [
 "atlas-core",
 "atlas-store",
]

[[package]]
name = "atlas-core"
version = "0.1.5"

[[package]]
name = "atlas-store"
version = "0.1.5"
dependencies = [
 "atlas-core",
]
